// !$*UTF8*$!
{
	archiveVersion = 1;
	classes = {
	};
	objectVersion = 46;
	objects = {

/* Begin PBXBuildFile section */
		2806BADB1F095C62006EF650 /* CustomColors.swift in Sources */ = {isa = PBXBuildFile; fileRef = 2806BADA1F095C62006EF650 /* CustomColors.swift */; };
		280738C11EF7669F008BAFFE /* badTap.mp3 in Resources */ = {isa = PBXBuildFile; fileRef = 280738BE1EF7669F008BAFFE /* badTap.mp3 */; };
		280738C21EF7669F008BAFFE /* fall.mp3 in Resources */ = {isa = PBXBuildFile; fileRef = 280738BF1EF7669F008BAFFE /* fall.mp3 */; };
		280738C31EF7669F008BAFFE /* tap.mp3 in Resources */ = {isa = PBXBuildFile; fileRef = 280738C01EF7669F008BAFFE /* tap.mp3 */; };
		2825BB9F1F0ADDF000D8C54F /* AudioManager.swift in Sources */ = {isa = PBXBuildFile; fileRef = 2825BB9E1F0ADDF000D8C54F /* AudioManager.swift */; };
		283765211EF7650B001F6B76 /* BrickView.swift in Sources */ = {isa = PBXBuildFile; fileRef = 283765201EF7650B001F6B76 /* BrickView.swift */; };
		28FAB22F1EF5FEA70072C7AE /* AppDelegate.swift in Sources */ = {isa = PBXBuildFile; fileRef = 28FAB22E1EF5FEA70072C7AE /* AppDelegate.swift */; };
		28FAB2311EF5FEA70072C7AE /* ViewController.swift in Sources */ = {isa = PBXBuildFile; fileRef = 28FAB2301EF5FEA70072C7AE /* ViewController.swift */; };
		28FAB2341EF5FEA70072C7AE /* Main.storyboard in Resources */ = {isa = PBXBuildFile; fileRef = 28FAB2321EF5FEA70072C7AE /* Main.storyboard */; };
		28FAB2361EF5FEA70072C7AE /* Assets.xcassets in Resources */ = {isa = PBXBuildFile; fileRef = 28FAB2351EF5FEA70072C7AE /* Assets.xcassets */; };
		28FAB2391EF5FEA70072C7AE /* LaunchScreen.storyboard in Resources */ = {isa = PBXBuildFile; fileRef = 28FAB2371EF5FEA70072C7AE /* LaunchScreen.storyboard */; };
/* End PBXBuildFile section */

/* Begin PBXFileReference section */
		2806BADA1F095C62006EF650 /* CustomColors.swift */ = {isa = PBXFileReference; fileEncoding = 4; lastKnownFileType = sourcecode.swift; path = CustomColors.swift; sourceTree = "<group>"; };
		280738BE1EF7669F008BAFFE /* badTap.mp3 */ = {isa = PBXFileReference; lastKnownFileType = audio.mp3; path = badTap.mp3; sourceTree = "<group>"; };
		280738BF1EF7669F008BAFFE /* fall.mp3 */ = {isa = PBXFileReference; lastKnownFileType = audio.mp3; path = fall.mp3; sourceTree = "<group>"; };
		280738C01EF7669F008BAFFE /* tap.mp3 */ = {isa = PBXFileReference; lastKnownFileType = audio.mp3; path = tap.mp3; sourceTree = "<group>"; };
		2825BB9E1F0ADDF000D8C54F /* AudioManager.swift */ = {isa = PBXFileReference; fileEncoding = 4; lastKnownFileType = sourcecode.swift; path = AudioManager.swift; sourceTree = "<group>"; };
		283765201EF7650B001F6B76 /* BrickView.swift */ = {isa = PBXFileReference; fileEncoding = 4; lastKnownFileType = sourcecode.swift; path = BrickView.swift; sourceTree = "<group>"; };
		28FAB22B1EF5FEA70072C7AE /* BrickPop.app */ = {isa = PBXFileReference; explicitFileType = wrapper.application; includeInIndex = 0; path = BrickPop.app; sourceTree = BUILT_PRODUCTS_DIR; };
		28FAB22E1EF5FEA70072C7AE /* AppDelegate.swift */ = {isa = PBXFileReference; lastKnownFileType = sourcecode.swift; path = AppDelegate.swift; sourceTree = "<group>"; };
		28FAB2301EF5FEA70072C7AE /* ViewController.swift */ = {isa = PBXFileReference; lastKnownFileType = sourcecode.swift; path = ViewController.swift; sourceTree = "<group>"; };
		28FAB2331EF5FEA70072C7AE /* Base */ = {isa = PBXFileReference; lastKnownFileType = file.storyboard; name = Base; path = Base.lproj/Main.storyboard; sourceTree = "<group>"; };
		28FAB2351EF5FEA70072C7AE /* Assets.xcassets */ = {isa = PBXFileReference; lastKnownFileType = folder.assetcatalog; path = Assets.xcassets; sourceTree = "<group>"; };
		28FAB2381EF5FEA70072C7AE /* Base */ = {isa = PBXFileReference; lastKnownFileType = file.storyboard; name = Base; path = Base.lproj/LaunchScreen.storyboard; sourceTree = "<group>"; };
		28FAB23A1EF5FEA70072C7AE /* Info.plist */ = {isa = PBXFileReference; lastKnownFileType = text.plist.xml; path = Info.plist; sourceTree = "<group>"; };
/* End PBXFileReference section */

/* Begin PBXFrameworksBuildPhase section */
		28FAB2281EF5FEA70072C7AE /* Frameworks */ = {
			isa = PBXFrameworksBuildPhase;
			buildActionMask = 2147483647;
			files = (
			);
			runOnlyForDeploymentPostprocessing = 0;
		};
/* End PBXFrameworksBuildPhase section */

/* Begin PBXGroup section */
		2806BAD91F095C47006EF650 /* Extensions */ = {
			isa = PBXGroup;
			children = (
				2806BADA1F095C62006EF650 /* CustomColors.swift */,
			);
			name = Extensions;
			sourceTree = "<group>";
		};
		280738BD1EF76693008BAFFE /* Audio */ = {
			isa = PBXGroup;
			children = (
				280738BE1EF7669F008BAFFE /* badTap.mp3 */,
				280738BF1EF7669F008BAFFE /* fall.mp3 */,
				280738C01EF7669F008BAFFE /* tap.mp3 */,
				2825BB9E1F0ADDF000D8C54F /* AudioManager.swift */,
			);
			name = Audio;
			sourceTree = "<group>";
		};
		28FAB2221EF5FEA70072C7AE = {
			isa = PBXGroup;
			children = (
				28FAB22D1EF5FEA70072C7AE /* BrickPop */,
				28FAB22C1EF5FEA70072C7AE /* Products */,
			);
			sourceTree = "<group>";
		};
		28FAB22C1EF5FEA70072C7AE /* Products */ = {
			isa = PBXGroup;
			children = (
				28FAB22B1EF5FEA70072C7AE /* BrickPop.app */,
			);
			name = Products;
			sourceTree = "<group>";
		};
		28FAB22D1EF5FEA70072C7AE /* BrickPop */ = {
			isa = PBXGroup;
			children = (
				2806BAD91F095C47006EF650 /* Extensions */,
				280738BD1EF76693008BAFFE /* Audio */,
				28FAB22E1EF5FEA70072C7AE /* AppDelegate.swift */,
				28FAB2301EF5FEA70072C7AE /* ViewController.swift */,
				28FAB2321EF5FEA70072C7AE /* Main.storyboard */,
				28FAB2351EF5FEA70072C7AE /* Assets.xcassets */,
				28FAB2371EF5FEA70072C7AE /* LaunchScreen.storyboard */,
				28FAB23A1EF5FEA70072C7AE /* Info.plist */,
				283765201EF7650B001F6B76 /* BrickView.swift */,
			);
			path = BrickPop;
			sourceTree = "<group>";
		};
/* End PBXGroup section */

/* Begin PBXNativeTarget section */
		28FAB22A1EF5FEA70072C7AE /* BrickPop */ = {
			isa = PBXNativeTarget;
			buildConfigurationList = 28FAB23D1EF5FEA70072C7AE /* Build configuration list for PBXNativeTarget "BrickPop" */;
			buildPhases = (
				28FAB2271EF5FEA70072C7AE /* Sources */,
				28FAB2281EF5FEA70072C7AE /* Frameworks */,
				28FAB2291EF5FEA70072C7AE /* Resources */,
			);
			buildRules = (
			);
			dependencies = (
			);
			name = BrickPop;
			productName = BrickPop;
			productReference = 28FAB22B1EF5FEA70072C7AE /* BrickPop.app */;
			productType = "com.apple.product-type.application";
		};
/* End PBXNativeTarget section */

/* Begin PBXProject section */
		28FAB2231EF5FEA70072C7AE /* Project object */ = {
			isa = PBXProject;
			attributes = {
				LastSwiftUpdateCheck = 0830;
				LastUpgradeCheck = 0830;
				ORGANIZATIONNAME = "Lee Foster";
				TargetAttributes = {
					28FAB22A1EF5FEA70072C7AE = {
						CreatedOnToolsVersion = 8.3.3;
						ProvisioningStyle = Automatic;
					};
				};
			};
			buildConfigurationList = 28FAB2261EF5FEA70072C7AE /* Build configuration list for PBXProject "BrickPop" */;
			compatibilityVersion = "Xcode 3.2";
			developmentRegion = English;
			hasScannedForEncodings = 0;
			knownRegions = (
				en,
				Base,
			);
			mainGroup = 28FAB2221EF5FEA70072C7AE;
			productRefGroup = 28FAB22C1EF5FEA70072C7AE /* Products */;
			projectDirPath = "";
			projectRoot = "";
			targets = (
				28FAB22A1EF5FEA70072C7AE /* BrickPop */,
			);
		};
/* End PBXProject section */

/* Begin PBXResourcesBuildPhase section */
		28FAB2291EF5FEA70072C7AE /* Resources */ = {
			isa = PBXResourcesBuildPhase;
			buildActionMask = 2147483647;
			files = (
				280738C31EF7669F008BAFFE /* tap.mp3 in Resources */,
				280738C11EF7669F008BAFFE /* badTap.mp3 in Resources */,
				280738C21EF7669F008BAFFE /* fall.mp3 in Resources */,
				28FAB2391EF5FEA70072C7AE /* LaunchScreen.storyboard in Resources */,
				28FAB2361EF5FEA70072C7AE /* Assets.xcassets in Resources */,
				28FAB2341EF5FEA70072C7AE /* Main.storyboard in Resources */,
			);
			runOnlyForDeploymentPostprocessing = 0;
		};
/* End PBXResourcesBuildPhase section */

/* Begin PBXSourcesBuildPhase section */
		28FAB2271EF5FEA70072C7AE /* Sources */ = {
			isa = PBXSourcesBuildPhase;
			buildActionMask = 2147483647;
			files = (
				28FAB2311EF5FEA70072C7AE /* ViewController.swift in Sources */,
				28FAB22F1EF5FEA70072C7AE /* AppDelegate.swift in Sources */,
				283765211EF7650B001F6B76 /* BrickView.swift in Sources */,
				2825BB9F1F0ADDF000D8C54F /* AudioManager.swift in Sources */,
				2806BADB1F095C62006EF650 /* CustomColors.swift in Sources */,
			);
			runOnlyForDeploymentPostprocessing = 0;
		};
/* End PBXSourcesBuildPhase section */

/* Begin PBXVariantGroup section */
		28FAB2321EF5FEA70072C7AE /* Main.storyboard */ = {
			isa = PBXVariantGroup;
			children = (
				28FAB2331EF5FEA70072C7AE /* Base */,
			);
			name = Main.storyboard;
			sourceTree = "<group>";
		};
		28FAB2371EF5FEA70072C7AE /* LaunchScreen.storyboard */ = {
			isa = PBXVariantGroup;
			children = (
				28FAB2381EF5FEA70072C7AE /* Base */,
			);
			name = LaunchScreen.storyboard;
			sourceTree = "<group>";
		};
/* End PBXVariantGroup section */

/* Begin XCBuildConfiguration section */
		28FAB23B1EF5FEA70072C7AE /* Debug */ = {
			isa = XCBuildConfiguration;
			buildSettings = {
				ALWAYS_SEARCH_USER_PATHS = NO;
				CLANG_ANALYZER_NONNULL = YES;
				CLANG_ANALYZER_NUMBER_OBJECT_CONVERSION = YES_AGGRESSIVE;
				CLANG_CXX_LANGUAGE_STANDARD = "gnu++0x";
				CLANG_CXX_LIBRARY = "libc++";
				CLANG_ENABLE_MODULES = YES;
				CLANG_ENABLE_OBJC_ARC = YES;
				CLANG_WARN_BOOL_CONVERSION = YES;
				CLANG_WARN_CONSTANT_CONVERSION = YES;
				CLANG_WARN_DIRECT_OBJC_ISA_USAGE = YES_ERROR;
				CLANG_WARN_DOCUMENTATION_COMMENTS = YES;
				CLANG_WARN_EMPTY_BODY = YES;
				CLANG_WARN_ENUM_CONVERSION = YES;
				CLANG_WARN_INFINITE_RECURSION = YES;
				CLANG_WARN_INT_CONVERSION = YES;
				CLANG_WARN_OBJC_ROOT_CLASS = YES_ERROR;
				CLANG_WARN_SUSPICIOUS_MOVE = YES;
				CLANG_WARN_UNREACHABLE_CODE = YES;
				CLANG_WARN__DUPLICATE_METHOD_MATCH = YES;
				"CODE_SIGN_IDENTITY[sdk=iphoneos*]" = "iPhone Developer";
				COPY_PHASE_STRIP = NO;
				DEBUG_INFORMATION_FORMAT = dwarf;
				ENABLE_STRICT_OBJC_MSGSEND = YES;
				ENABLE_TESTABILITY = YES;
				GCC_C_LANGUAGE_STANDARD = gnu99;
				GCC_DYNAMIC_NO_PIC = NO;
				GCC_NO_COMMON_BLOCKS = YES;
				GCC_OPTIMIZATION_LEVEL = 0;
				GCC_PREPROCESSOR_DEFINITIONS = (
					"DEBUG=1",
					"$(inherited)",
				);
				GCC_WARN_64_TO_32_BIT_CONVERSION = YES;
				GCC_WARN_ABOUT_RETURN_TYPE = YES_ERROR;
				GCC_WARN_UNDECLARED_SELECTOR = YES;
				GCC_WARN_UNINITIALIZED_AUTOS = YES_AGGRESSIVE;
				GCC_WARN_UNUSED_FUNCTION = YES;
				GCC_WARN_UNUSED_VARIABLE = YES;
				IPHONEOS_DEPLOYMENT_TARGET = 10.3;
				MTL_ENABLE_DEBUG_INFO = YES;
				ONLY_ACTIVE_ARCH = YES;
				SDKROOT = iphoneos;
				SWIFT_ACTIVE_COMPILATION_CONDITIONS = DEBUG;
				SWIFT_OPTIMIZATION_LEVEL = "-Onone";
			};
			name = Debug;
		};
		28FAB23C1EF5FEA70072C7AE /* Release */ = {
			isa = XCBuildConfiguration;
			buildSettings = {
				ALWAYS_SEARCH_USER_PATHS = NO;
				CLANG_ANALYZER_NONNULL = YES;
				CLANG_ANALYZER_NUMBER_OBJECT_CONVERSION = YES_AGGRESSIVE;
				CLANG_CXX_LANGUAGE_STANDARD = "gnu++0x";
				CLANG_CXX_LIBRARY = "libc++";
				CLANG_ENABLE_MODULES = YES;
				CLANG_ENABLE_OBJC_ARC = YES;
				CLANG_WARN_BOOL_CONVERSION = YES;
				CLANG_WARN_CONSTANT_CONVERSION = YES;
				CLANG_WARN_DIRECT_OBJC_ISA_USAGE = YES_ERROR;
				CLANG_WARN_DOCUMENTATION_COMMENTS = YES;
				CLANG_WARN_EMPTY_BODY = YES;
				CLANG_WARN_ENUM_CONVERSION = YES;
				CLANG_WARN_INFINITE_RECURSION = YES;
				CLANG_WARN_INT_CONVERSION = YES;
				CLANG_WARN_OBJC_ROOT_CLASS = YES_ERROR;
				CLANG_WARN_SUSPICIOUS_MOVE = YES;
				CLANG_WARN_UNREACHABLE_CODE = YES;
				CLANG_WARN__DUPLICATE_METHOD_MATCH = YES;
				"CODE_SIGN_IDENTITY[sdk=iphoneos*]" = "iPhone Developer";
				COPY_PHASE_STRIP = NO;
				DEBUG_INFORMATION_FORMAT = "dwarf-with-dsym";
				ENABLE_NS_ASSERTIONS = NO;
				ENABLE_STRICT_OBJC_MSGSEND = YES;
				GCC_C_LANGUAGE_STANDARD = gnu99;
				GCC_NO_COMMON_BLOCKS = YES;
				GCC_WARN_64_TO_32_BIT_CONVERSION = YES;
				GCC_WARN_ABOUT_RETURN_TYPE = YES_ERROR;
				GCC_WARN_UNDECLARED_SELECTOR = YES;
				GCC_WARN_UNINITIALIZED_AUTOS = YES_AGGRESSIVE;
				GCC_WARN_UNUSED_FUNCTION = YES;
				GCC_WARN_UNUSED_VARIABLE = YES;
				IPHONEOS_DEPLOYMENT_TARGET = 10.3;
				MTL_ENABLE_DEBUG_INFO = NO;
				SDKROOT = iphoneos;
				SWIFT_OPTIMIZATION_LEVEL = "-Owholemodule";
				VALIDATE_PRODUCT = YES;
			};
			name = Release;
		};
		28FAB23E1EF5FEA70072C7AE /* Debug */ = {
			isa = XCBuildConfiguration;
			buildSettings = {
				ASSETCATALOG_COMPILER_APPICON_NAME = AppIcon;
				INFOPLIST_FILE = BrickPop/Info.plist;
				LD_RUNPATH_SEARCH_PATHS = "$(inherited) @executable_path/Frameworks";
				PRODUCT_BUNDLE_IDENTIFIER = Foster.BrickPop;
				PRODUCT_NAME = "$(TARGET_NAME)";
				SWIFT_VERSION = 3.0;
			};
			name = Debug;
		};
		28FAB23F1EF5FEA70072C7AE /* Release */ = {
			isa = XCBuildConfiguration;
			buildSettings = {
				ASSETCATALOG_COMPILER_APPICON_NAME = AppIcon;
				INFOPLIST_FILE = BrickPop/Info.plist;
				LD_RUNPATH_SEARCH_PATHS = "$(inherited) @executable_path/Frameworks";
				PRODUCT_BUNDLE_IDENTIFIER = Foster.BrickPop;
				PRODUCT_NAME = "$(TARGET_NAME)";
				SWIFT_VERSION = 3.0;
			};
			name = Release;
		};
/* End XCBuildConfiguration section */

/* Begin XCConfigurationList section */
		28FAB2261EF5FEA70072C7AE /* Build configuration list for PBXProject "BrickPop" */ = {
			isa = XCConfigurationList;
			buildConfigurations = (
				28FAB23B1EF5FEA70072C7AE /* Debug */,
				28FAB23C1EF5FEA70072C7AE /* Release */,
			);
			defaultConfigurationIsVisible = 0;
			defaultConfigurationName = Release;
		};
		28FAB23D1EF5FEA70072C7AE /* Build configuration list for PBXNativeTarget "BrickPop" */ = {
			isa = XCConfigurationList;
			buildConfigurations = (
				28FAB23E1EF5FEA70072C7AE /* Debug */,
				28FAB23F1EF5FEA70072C7AE /* Release */,
			);
			defaultConfigurationIsVisible = 0;
			defaultConfigurationName = Release;
		};
/* End XCConfigurationList section */
	};
	rootObject = 28FAB2231EF5FEA70072C7AE /* Project object */;
}
